
Microsoft Visual Studio Solution File, Format Version 12.00
# Visual Studio Version 17
VisualStudioVersion = 17.3.32929.385
MinimumVisualStudioVersion = 10.0.40219.1
Project("{F184B08F-C81C-45F6-A57F-5ABD9991F28F}") = "db practice", "db practice\db practice.vbproj", "{2F964FB3-7CF5-421C-A4E9-981059A673FD}"
EndProject
Global
	GlobalSection(SolutionConfigurationPlatforms) = preSolution
		Debug|Any CPU = Debug|Any CPU
		Release|Any CPU = Release|Any CPU
	EndGlobalSection
	GlobalSection(ProjectConfigurationPlatforms) = postSolution
		{2F964FB3-7CF5-421C-A4E9-981059A673FD}.Debug|Any CPU.ActiveCfg = Debug|Any CPU
		{2F964FB3-7CF5-421C-A4E9-981059A673FD}.Debug|Any CPU.Build.0 = Debug|Any CPU
		{2F964FB3-7CF5-421C-A4E9-981059A673FD}.Release|Any CPU.ActiveCfg = Release|Any CPU
		{2F964FB3-7CF5-421C-A4E9-981059A673FD}.Release|Any CPU.Build.0 = Release|Any CPU
	EndGlobalSection
	GlobalSection(SolutionProperties) = preSolution
		HideSolutionNode = FALSE
	EndGlobalSection
	GlobalSection(ExtensibilityGlobals) = postSolution
		SolutionGuid = {5CB8125A-4887-47AE-8AD7-1F2E4B253F97}
	EndGlobalSection
EndGlobal
