
Microsoft Visual Studio Solution File, Format Version 12.00
# Visual Studio Version 17
VisualStudioVersion = 17.3.32929.385
MinimumVisualStudioVersion = 10.0.40219.1
Project("{F184B08F-C81C-45F6-A57F-5ABD9991F28F}") = "mexican restaurant", "mexican restaurant\mexican restaurant.vbproj", "{D15D4059-C47E-4AE2-B01B-F95F476238E3}"
EndProject
Global
	GlobalSection(SolutionConfigurationPlatforms) = preSolution
		Debug|Any CPU = Debug|Any CPU
		Release|Any CPU = Release|Any CPU
	EndGlobalSection
	GlobalSection(ProjectConfigurationPlatforms) = postSolution
		{D15D4059-C47E-4AE2-B01B-F95F476238E3}.Debug|Any CPU.ActiveCfg = Debug|Any CPU
		{D15D4059-C47E-4AE2-B01B-F95F476238E3}.Debug|Any CPU.Build.0 = Debug|Any CPU
		{D15D4059-C47E-4AE2-B01B-F95F476238E3}.Release|Any CPU.ActiveCfg = Release|Any CPU
		{D15D4059-C47E-4AE2-B01B-F95F476238E3}.Release|Any CPU.Build.0 = Release|Any CPU
	EndGlobalSection
	GlobalSection(SolutionProperties) = preSolution
		HideSolutionNode = FALSE
	EndGlobalSection
	GlobalSection(ExtensibilityGlobals) = postSolution
		SolutionGuid = {C1EB62CC-8F92-448C-9988-71D60C0A1A62}
	EndGlobalSection
EndGlobal
